
Microsoft Visual Studio Solution File, Format Version 12.00
# Visual Studio Version 16
VisualStudioVersion = 16.0.32407.337
MinimumVisualStudioVersion = 10.0.40219.1
Project("{8BC9CEB8-8B4A-11D0-8D11-00A0C91BC942}") = "solva書き込みプログラム", "solva書き込みプログラム\solva書き込みプログラム.vcxproj", "{B6130374-990B-42BC-B34C-360E020CDAC5}"
EndProject
Global
	GlobalSection(SolutionConfigurationPlatforms) = preSolution
		Debug|x64 = Debug|x64
		Debug|x86 = Debug|x86
		Release|x64 = Release|x64
		Release|x86 = Release|x86
	EndGlobalSection
	GlobalSection(ProjectConfigurationPlatforms) = postSolution
		{B6130374-990B-42BC-B34C-360E020CDAC5}.Debug|x64.ActiveCfg = Debug|x64
		{B6130374-990B-42BC-B34C-360E020CDAC5}.Debug|x64.Build.0 = Debug|x64
		{B6130374-990B-42BC-B34C-360E020CDAC5}.Debug|x86.ActiveCfg = Debug|Win32
		{B6130374-990B-42BC-B34C-360E020CDAC5}.Debug|x86.Build.0 = Debug|Win32
		{B6130374-990B-42BC-B34C-360E020CDAC5}.Release|x64.ActiveCfg = Release|x64
		{B6130374-990B-42BC-B34C-360E020CDAC5}.Release|x64.Build.0 = Release|x64
		{B6130374-990B-42BC-B34C-360E020CDAC5}.Release|x86.ActiveCfg = Release|Win32
		{B6130374-990B-42BC-B34C-360E020CDAC5}.Release|x86.Build.0 = Release|Win32
	EndGlobalSection
	GlobalSection(SolutionProperties) = preSolution
		HideSolutionNode = FALSE
	EndGlobalSection
	GlobalSection(ExtensibilityGlobals) = postSolution
		SolutionGuid = {FB94E04D-5342-479A-9F9D-D14E6F31575E}
	EndGlobalSection
EndGlobal
